
Microsoft Visual Studio Solution File, Format Version 12.00
# Visual Studio Version 17
VisualStudioVersion = 17.11.35327.3
MinimumVisualStudioVersion = 10.0.40219.1
Project("{FAE04EC0-301F-11D3-BF4B-00C04F79EFBC}") = "TelegramBot.Api", "TelegramBot.Api\TelegramBot.Api.csproj", "{197435C2-8400-40A1-8997-3DE20D0982A7}"
EndProject
Global
	GlobalSection(SolutionConfigurationPlatforms) = preSolution
		Debug|Any CPU = Debug|Any CPU
		Release|Any CPU = Release|Any CPU
	EndGlobalSection
	GlobalSection(ProjectConfigurationPlatforms) = postSolution
		{197435C2-8400-40A1-8997-3DE20D0982A7}.Debug|Any CPU.ActiveCfg = Debug|Any CPU
		{197435C2-8400-40A1-8997-3DE20D0982A7}.Debug|Any CPU.Build.0 = Debug|Any CPU
		{197435C2-8400-40A1-8997-3DE20D0982A7}.Release|Any CPU.ActiveCfg = Release|Any CPU
		{197435C2-8400-40A1-8997-3DE20D0982A7}.Release|Any CPU.Build.0 = Release|Any CPU
	EndGlobalSection
	GlobalSection(SolutionProperties) = preSolution
		HideSolutionNode = FALSE
	EndGlobalSection
	GlobalSection(ExtensibilityGlobals) = postSolution
		SolutionGuid = {68681F27-6CFE-4D3C-990E-FACEFDCF6BBF}
	EndGlobalSection
EndGlobal
